{"1.1.0",
[{<<"fast_xml">>,{pkg,<<"fast_xml">>,<<"1.1.24">>},1},
 {<<"p1_utils">>,{pkg,<<"p1_utils">>,<<"1.0.10">>},2},
 {<<"snatch">>,{pkg,<<"snatch">>,<<"0.1.0">>},0}]}.
[
{pkg_hash,[
 {<<"fast_xml">>, <<"66F0D9FC52A862013806C1474B3335A818A33156F68F83C6538A17B6A26DB422">>},
 {<<"p1_utils">>, <<"A6D6927114BAC79CF6468A10824125492034AF7071ADC6ED5EBC4DDB443845D4">>},
 {<<"snatch">>, <<"F48CD122D53B82B356E52F332CD2EDDA0B629DF890BF414571F682F115CB48BE">>}]}
].
